// !$*UTF8*$!
{
	archiveVersion = 1;
	classes = {
	};
	objectVersion = 77;
	objects = {

/* Begin PBXBuildFile section */
		2BDE671CDDE371B38AE4AC8D /* GalleryPickerView.swift in Sources */ = {isa = PBXBuildFile; fileRef = 580823C814C54B7BCB340C3F /* GalleryPickerView.swift */; };
		51A669FA4FB79014525D8153 /* BGOCRProcessor in Frameworks */ = {isa = PBXBuildFile; productRef = B1739B9E3790E78C2CE353F9 /* BGOCRProcessor */; };
		88892B5729CDD57A53399DE9 /* ImageDetailView.swift in Sources */ = {isa = PBXBuildFile; fileRef = C0975F0880F179537595E7B2 /* ImageDetailView.swift */; };
		9C3DD01A73ADA2D7FFD750D8 /* SampleOCRApp.swift in Sources */ = {isa = PBXBuildFile; fileRef = 8DF75E398C4AD3733FA48E33 /* SampleOCRApp.swift */; };
		D40E0CFDAB3D51D38BBA21F1 /* ResultsListView.swift in Sources */ = {isa = PBXBuildFile; fileRef = F387464AC543C438AC503F18 /* ResultsListView.swift */; };
		FACF335A66F1B5C8936F1245 /* OCRViewModel.swift in Sources */ = {isa = PBXBuildFile; fileRef = 30EC8CB50DDF411998C4E3EC /* OCRViewModel.swift */; };
/* End PBXBuildFile section */

/* Begin PBXFileReference section */
		30EC8CB50DDF411998C4E3EC /* OCRViewModel.swift */ = {isa = PBXFileReference; lastKnownFileType = sourcecode.swift; path = OCRViewModel.swift; sourceTree = "<group>"; };
		580823C814C54B7BCB340C3F /* GalleryPickerView.swift */ = {isa = PBXFileReference; lastKnownFileType = sourcecode.swift; path = GalleryPickerView.swift; sourceTree = "<group>"; };
		8DF75E398C4AD3733FA48E33 /* SampleOCRApp.swift */ = {isa = PBXFileReference; lastKnownFileType = sourcecode.swift; path = SampleOCRApp.swift; sourceTree = "<group>"; };
		A76DE634D0D08651DBB33424 /* SampleOCR.app */ = {isa = PBXFileReference; includeInIndex = 0; lastKnownFileType = wrapper.application; path = SampleOCR.app; sourceTree = BUILT_PRODUCTS_DIR; };
		B87892A631983F8709811596 /* Info.plist */ = {isa = PBXFileReference; lastKnownFileType = text.plist; path = Info.plist; sourceTree = "<group>"; };
		C0975F0880F179537595E7B2 /* ImageDetailView.swift */ = {isa = PBXFileReference; lastKnownFileType = sourcecode.swift; path = ImageDetailView.swift; sourceTree = "<group>"; };
		F387464AC543C438AC503F18 /* ResultsListView.swift */ = {isa = PBXFileReference; lastKnownFileType = sourcecode.swift; path = ResultsListView.swift; sourceTree = "<group>"; };
/* End PBXFileReference section */

/* Begin PBXFrameworksBuildPhase section */
		EADD0FFE3219AFE0FECB68FC /* Frameworks */ = {
			isa = PBXFrameworksBuildPhase;
			buildActionMask = 2147483647;
			files = (
				51A669FA4FB79014525D8153 /* BGOCRProcessor in Frameworks */,
			);
			runOnlyForDeploymentPostprocessing = 0;
		};
/* End PBXFrameworksBuildPhase section */

/* Begin PBXGroup section */
		55EF640C52DAAEAE901EABF1 /* SampleOCR */ = {
			isa = PBXGroup;
			children = (
				580823C814C54B7BCB340C3F /* GalleryPickerView.swift */,
				C0975F0880F179537595E7B2 /* ImageDetailView.swift */,
				B87892A631983F8709811596 /* Info.plist */,
				30EC8CB50DDF411998C4E3EC /* OCRViewModel.swift */,
				F387464AC543C438AC503F18 /* ResultsListView.swift */,
				8DF75E398C4AD3733FA48E33 /* SampleOCRApp.swift */,
			);
			path = SampleOCR;
			sourceTree = "<group>";
		};
		71FCA14B29D78A4AE4AADDCC /* Products */ = {
			isa = PBXGroup;
			children = (
				A76DE634D0D08651DBB33424 /* SampleOCR.app */,
			);
			name = Products;
			sourceTree = "<group>";
		};
		D874FCD0009EE85B10AFBADA = {
			isa = PBXGroup;
			children = (
				55EF640C52DAAEAE901EABF1 /* SampleOCR */,
				71FCA14B29D78A4AE4AADDCC /* Products */,
			);
			sourceTree = "<group>";
		};
/* End PBXGroup section */

/* Begin PBXNativeTarget section */
		E1A1518B5F99E0C077D8F636 /* SampleOCR */ = {
			isa = PBXNativeTarget;
			buildConfigurationList = EC43FF8D787D6C30FBC6444A /* Build configuration list for PBXNativeTarget "SampleOCR" */;
			buildPhases = (
				5649C60B4F09EA91E1A1A46E /* Sources */,
				EADD0FFE3219AFE0FECB68FC /* Frameworks */,
			);
			buildRules = (
			);
			dependencies = (
			);
			name = SampleOCR;
			packageProductDependencies = (
				B1739B9E3790E78C2CE353F9 /* BGOCRProcessor */,
			);
			productName = SampleOCR;
			productReference = A76DE634D0D08651DBB33424 /* SampleOCR.app */;
			productType = "com.apple.product-type.application";
		};
/* End PBXNativeTarget section */

/* Begin PBXProject section */
		4D2A9D466C61A3476BB44711 /* Project object */ = {
			isa = PBXProject;
			attributes = {
				BuildIndependentTargetsInParallel = YES;
				LastUpgradeCheck = 1600;
				TargetAttributes = {
				};
			};
			buildConfigurationList = 576C3C8AEDBB2EABFF27C384 /* Build configuration list for PBXProject "SampleOCR" */;
			developmentRegion = en;
			hasScannedForEncodings = 0;
			knownRegions = (
				Base,
				en,
			);
			mainGroup = D874FCD0009EE85B10AFBADA;
			minimizedProjectReferenceProxies = 1;
			packageReferences = (
				F9B7B93625AD97DAB2B05569 /* XCRemoteSwiftPackageReference "bg-ocr" */,
			);
			preferredProjectObjectVersion = 77;
			productRefGroup = 71FCA14B29D78A4AE4AADDCC /* Products */;
			projectDirPath = "";
			projectRoot = "";
			targets = (
				E1A1518B5F99E0C077D8F636 /* SampleOCR */,
			);
		};
/* End PBXProject section */

/* Begin PBXSourcesBuildPhase section */
		5649C60B4F09EA91E1A1A46E /* Sources */ = {
			isa = PBXSourcesBuildPhase;
			buildActionMask = 2147483647;
			files = (
				2BDE671CDDE371B38AE4AC8D /* GalleryPickerView.swift in Sources */,
				88892B5729CDD57A53399DE9 /* ImageDetailView.swift in Sources */,
				FACF335A66F1B5C8936F1245 /* OCRViewModel.swift in Sources */,
				D40E0CFDAB3D51D38BBA21F1 /* ResultsListView.swift in Sources */,
				9C3DD01A73ADA2D7FFD750D8 /* SampleOCRApp.swift in Sources */,
			);
			runOnlyForDeploymentPostprocessing = 0;
		};
/* End PBXSourcesBuildPhase section */

/* Begin XCBuildConfiguration section */
		2E91E1AC9A9AF3B5563C7BCA /* Release */ = {
			isa = XCBuildConfiguration;
			buildSettings = {
				ASSETCATALOG_COMPILER_APPICON_NAME = AppIcon;
				CODE_SIGN_IDENTITY = "iPhone Developer";
				INFOPLIST_FILE = SampleOCR/Info.plist;
				LD_RUNPATH_SEARCH_PATHS = (
					"$(inherited)",
					"@executable_path/Frameworks",
				);
				PRODUCT_BUNDLE_IDENTIFIER = com.sample.sampleocr;
				SDKROOT = iphoneos;
				TARGETED_DEVICE_FAMILY = "1,2";
			};
			name = Release;
		};
		4F2864CA27D51849C87B0F53 /* Debug */ = {
			isa = XCBuildConfiguration;
			buildSettings = {
				ALWAYS_SEARCH_USER_PATHS = NO;
				CLANG_ANALYZER_NONNULL = YES;
				CLANG_ANALYZER_NUMBER_OBJECT_CONVERSION = YES_AGGRESSIVE;
				CLANG_CXX_LANGUAGE_STANDARD = "gnu++14";
				CLANG_CXX_LIBRARY = "libc++";
				CLANG_ENABLE_MODULES = YES;
				CLANG_ENABLE_OBJC_ARC = YES;
				CLANG_ENABLE_OBJC_WEAK = YES;
				CLANG_WARN_BLOCK_CAPTURE_AUTORELEASING = YES;
				CLANG_WARN_BOOL_CONVERSION = YES;
				CLANG_WARN_COMMA = YES;
				CLANG_WARN_CONSTANT_CONVERSION = YES;
				CLANG_WARN_DEPRECATED_OBJC_IMPLEMENTATIONS = YES;
				CLANG_WARN_DIRECT_OBJC_ISA_USAGE = YES_ERROR;
				CLANG_WARN_DOCUMENTATION_COMMENTS = YES;
				CLANG_WARN_EMPTY_BODY = YES;
				CLANG_WARN_ENUM_CONVERSION = YES;
				CLANG_WARN_INFINITE_RECURSION = YES;
				CLANG_WARN_INT_CONVERSION = YES;
				CLANG_WARN_NON_LITERAL_NULL_CONVERSION = YES;
				CLANG_WARN_OBJC_IMPLICIT_RETAIN_SELF = YES;
				CLANG_WARN_OBJC_LITERAL_CONVERSION = YES;
				CLANG_WARN_OBJC_ROOT_CLASS = YES_ERROR;
				CLANG_WARN_QUOTED_INCLUDE_IN_FRAMEWORK_HEADER = YES;
				CLANG_WARN_RANGE_LOOP_ANALYSIS = YES;
				CLANG_WARN_STRICT_PROTOTYPES = YES;
				CLANG_WARN_SUSPICIOUS_MOVE = YES;
				CLANG_WARN_UNGUARDED_AVAILABILITY = YES_AGGRESSIVE;
				CLANG_WARN_UNREACHABLE_CODE = YES;
				CLANG_WARN__DUPLICATE_METHOD_MATCH = YES;
				COPY_PHASE_STRIP = NO;
				DEBUG_INFORMATION_FORMAT = dwarf;
				ENABLE_STRICT_OBJC_MSGSEND = YES;
				ENABLE_TESTABILITY = YES;
				GCC_C_LANGUAGE_STANDARD = gnu11;
				GCC_DYNAMIC_NO_PIC = NO;
				GCC_NO_COMMON_BLOCKS = YES;
				GCC_OPTIMIZATION_LEVEL = 0;
				GCC_PREPROCESSOR_DEFINITIONS = (
					"$(inherited)",
					"DEBUG=1",
				);
				GCC_WARN_64_TO_32_BIT_CONVERSION = YES;
				GCC_WARN_ABOUT_RETURN_TYPE = YES_ERROR;
				GCC_WARN_UNDECLARED_SELECTOR = YES;
				GCC_WARN_UNINITIALIZED_AUTOS = YES_AGGRESSIVE;
				GCC_WARN_UNUSED_FUNCTION = YES;
				GCC_WARN_UNUSED_VARIABLE = YES;
				IPHONEOS_DEPLOYMENT_TARGET = 16.0;
				MTL_ENABLE_DEBUG_INFO = INCLUDE_SOURCE;
				MTL_FAST_MATH = YES;
				ONLY_ACTIVE_ARCH = YES;
				PRODUCT_NAME = "$(TARGET_NAME)";
				SDKROOT = iphoneos;
				SWIFT_ACTIVE_COMPILATION_CONDITIONS = DEBUG;
				SWIFT_OPTIMIZATION_LEVEL = "-Onone";
				SWIFT_VERSION = 5.0;
			};
			name = Debug;
		};
		69805A4A4942E6BBA4F42156 /* Release */ = {
			isa = XCBuildConfiguration;
			buildSettings = {
				ALWAYS_SEARCH_USER_PATHS = NO;
				CLANG_ANALYZER_NONNULL = YES;
				CLANG_ANALYZER_NUMBER_OBJECT_CONVERSION = YES_AGGRESSIVE;
				CLANG_CXX_LANGUAGE_STANDARD = "gnu++14";
				CLANG_CXX_LIBRARY = "libc++";
				CLANG_ENABLE_MODULES = YES;
				CLANG_ENABLE_OBJC_ARC = YES;
				CLANG_ENABLE_OBJC_WEAK = YES;
				CLANG_WARN_BLOCK_CAPTURE_AUTORELEASING = YES;
				CLANG_WARN_BOOL_CONVERSION = YES;
				CLANG_WARN_COMMA = YES;
				CLANG_WARN_CONSTANT_CONVERSION = YES;
				CLANG_WARN_DEPRECATED_OBJC_IMPLEMENTATIONS = YES;
				CLANG_WARN_DIRECT_OBJC_ISA_USAGE = YES_ERROR;
				CLANG_WARN_DOCUMENTATION_COMMENTS = YES;
				CLANG_WARN_EMPTY_BODY = YES;
				CLANG_WARN_ENUM_CONVERSION = YES;
				CLANG_WARN_INFINITE_RECURSION = YES;
				CLANG_WARN_INT_CONVERSION = YES;
				CLANG_WARN_NON_LITERAL_NULL_CONVERSION = YES;
				CLANG_WARN_OBJC_IMPLICIT_RETAIN_SELF = YES;
				CLANG_WARN_OBJC_LITERAL_CONVERSION = YES;
				CLANG_WARN_OBJC_ROOT_CLASS = YES_ERROR;
				CLANG_WARN_QUOTED_INCLUDE_IN_FRAMEWORK_HEADER = YES;
				CLANG_WARN_RANGE_LOOP_ANALYSIS = YES;
				CLANG_WARN_STRICT_PROTOTYPES = YES;
				CLANG_WARN_SUSPICIOUS_MOVE = YES;
				CLANG_WARN_UNGUARDED_AVAILABILITY = YES_AGGRESSIVE;
				CLANG_WARN_UNREACHABLE_CODE = YES;
				CLANG_WARN__DUPLICATE_METHOD_MATCH = YES;
				COPY_PHASE_STRIP = NO;
				DEBUG_INFORMATION_FORMAT = "dwarf-with-dsym";
				ENABLE_NS_ASSERTIONS = NO;
				ENABLE_STRICT_OBJC_MSGSEND = YES;
				GCC_C_LANGUAGE_STANDARD = gnu11;
				GCC_NO_COMMON_BLOCKS = YES;
				GCC_WARN_64_TO_32_BIT_CONVERSION = YES;
				GCC_WARN_ABOUT_RETURN_TYPE = YES_ERROR;
				GCC_WARN_UNDECLARED_SELECTOR = YES;
				GCC_WARN_UNINITIALIZED_AUTOS = YES_AGGRESSIVE;
				GCC_WARN_UNUSED_FUNCTION = YES;
				GCC_WARN_UNUSED_VARIABLE = YES;
				IPHONEOS_DEPLOYMENT_TARGET = 16.0;
				MTL_ENABLE_DEBUG_INFO = NO;
				MTL_FAST_MATH = YES;
				PRODUCT_NAME = "$(TARGET_NAME)";
				SDKROOT = iphoneos;
				SWIFT_COMPILATION_MODE = wholemodule;
				SWIFT_OPTIMIZATION_LEVEL = "-O";
				SWIFT_VERSION = 5.0;
			};
			name = Release;
		};
		E6A22330051528C86DC2F1FA /* Debug */ = {
			isa = XCBuildConfiguration;
			buildSettings = {
				ASSETCATALOG_COMPILER_APPICON_NAME = AppIcon;
				CODE_SIGN_IDENTITY = "iPhone Developer";
				INFOPLIST_FILE = SampleOCR/Info.plist;
				LD_RUNPATH_SEARCH_PATHS = (
					"$(inherited)",
					"@executable_path/Frameworks",
				);
				PRODUCT_BUNDLE_IDENTIFIER = com.sample.sampleocr;
				SDKROOT = iphoneos;
				TARGETED_DEVICE_FAMILY = "1,2";
			};
			name = Debug;
		};
/* End XCBuildConfiguration section */

/* Begin XCConfigurationList section */
		576C3C8AEDBB2EABFF27C384 /* Build configuration list for PBXProject "SampleOCR" */ = {
			isa = XCConfigurationList;
			buildConfigurations = (
				4F2864CA27D51849C87B0F53 /* Debug */,
				69805A4A4942E6BBA4F42156 /* Release */,
			);
			defaultConfigurationIsVisible = 0;
			defaultConfigurationName = Debug;
		};
		EC43FF8D787D6C30FBC6444A /* Build configuration list for PBXNativeTarget "SampleOCR" */ = {
			isa = XCConfigurationList;
			buildConfigurations = (
				E6A22330051528C86DC2F1FA /* Debug */,
				2E91E1AC9A9AF3B5563C7BCA /* Release */,
			);
			defaultConfigurationIsVisible = 0;
			defaultConfigurationName = Debug;
		};
/* End XCConfigurationList section */

/* Begin XCRemoteSwiftPackageReference section */
		F9B7B93625AD97DAB2B05569 /* XCRemoteSwiftPackageReference "bg-ocr" */ = {
			isa = XCRemoteSwiftPackageReference;
			repositoryURL = "https://github.com/abhip2565/bg-ocr.git";
			requirement = {
				branch = master;
				kind = branch;
			};
		};
/* End XCRemoteSwiftPackageReference section */

/* Begin XCSwiftPackageProductDependency section */
		B1739B9E3790E78C2CE353F9 /* BGOCRProcessor */ = {
			isa = XCSwiftPackageProductDependency;
			package = F9B7B93625AD97DAB2B05569 /* XCRemoteSwiftPackageReference "bg-ocr" */;
			productName = BGOCRProcessor;
		};
/* End XCSwiftPackageProductDependency section */
	};
	rootObject = 4D2A9D466C61A3476BB44711 /* Project object */;
}
